# This file is automatically @generated by Cargo.
# It is not intended for manual editing.
version = 4

[[package]]
name = "isotsbench-core"
version = "0.5.0"

[[package]]
name = "isotsbench-ffi"
version = "0.5.0"
dependencies = [
 "isotsbench-core",
]

[[package]]
name = "isotsbench-napi"
version = "0.5.0"
dependencies = [
 "isotsbench-core",
]

[[package]]
name = "isotsbench-scriptc"
version = "0.5.0"
dependencies = [
 "isotsbench-core",
]

[[package]]
name = "isotsbench-wasm"
version = "0.5.0"
dependencies = [
 "isotsbench-core",
]
